<?xml version="1.0" encoding="utf-8"?>
<Project ToolsVersion="4.0" xmlns="http://schemas.microsoft.com/developer/msbuild/2003">
  <ItemGroup>
    <Filter Include="源文件">
      <UniqueIdentifier>{4FC737F1-C7A5-4376-A066-2A32D752A2FF}</UniqueIdentifier>
      <Extensions>cpp;c;cc;cxx;def;odl;idl;hpj;bat;asm;asmx</Extensions>
    </Filter>
    <Filter Include="头文件">
      <UniqueIdentifier>{93995380-89BD-4b04-88EB-625FBE52EBFB}</UniqueIdentifier>
      <Extensions>h;hh;hpp;hxx;hm;inl;inc;ipp;xsd</Extensions>
    </Filter>
    <Filter Include="资源文件">
      <UniqueIdentifier>{67DA6AB6-F800-4c08-8B7A-83BB121AAD01}</UniqueIdentifier>
      <Extensions>rc;ico;cur;bmp;dlg;rc2;rct;bin;rgs;gif;jpg;jpeg;jpe;resx;tiff;tif;png;wav;mfcribbon-ms</Extensions>
    </Filter>
    <Filter Include="源文件\math">
      <UniqueIdentifier>{8e804498-98bc-4c8b-818f-6e18fd5b0c68}</UniqueIdentifier>
    </Filter>
    <Filter Include="源文件\graphic">
      <UniqueIdentifier>{38cc4179-750b-47c4-8aae-5e9a7c1d9655}</UniqueIdentifier>
    </Filter>
    <Filter Include="源文件\util">
      <UniqueIdentifier>{31385a78-3eb1-4af4-94ee-8fc5b295835b}</UniqueIdentifier>
    </Filter>
    <Filter Include="源文件\shader">
      <UniqueIdentifier>{2fdc953f-9225-4067-b063-8e59e61e8c02}</UniqueIdentifier>
    </Filter>
  </ItemGroup>
  <ItemGroup>
    <ClCompile Include="main.cpp">
      <Filter>源文件</Filter>
    </ClCompile>
    <ClCompile Include="src\math\vector2.cpp">
      <Filter>源文件\math</Filter>
    </ClCompile>
    <ClCompile Include="src\math\vector3.cpp">
      <Filter>源文件\math</Filter>
    </ClCompile>
    <ClCompile Include="src\math\vector4.cpp">
      <Filter>源文件\math</Filter>
    </ClCompile>
    <ClCompile Include="src\math\matrix4.cpp">
      <Filter>源文件\math</Filter>
    </ClCompile>
    <ClCompile Include="src\graphic\shader.cpp">
      <Filter>源文件\graphic</Filter>
    </ClCompile>
    <ClCompile Include="src\graphic\window.cpp">
      <Filter>源文件\graphic</Filter>
    </ClCompile>
  </ItemGroup>
  <ItemGroup>
    <ClInclude Include="src\math\math.h">
      <Filter>源文件\math</Filter>
    </ClInclude>
    <ClInclude Include="src\math\matrix4.hpp">
      <Filter>源文件\math</Filter>
    </ClInclude>
    <ClInclude Include="src\math\math_func.hpp">
      <Filter>头文件</Filter>
    </ClInclude>
    <ClInclude Include="src\math\vector2.hpp">
      <Filter>源文件\math</Filter>
    </ClInclude>
    <ClInclude Include="src\math\vector3.hpp">
      <Filter>源文件\math</Filter>
    </ClInclude>
    <ClInclude Include="src\math\vector4.hpp">
      <Filter>源文件\math</Filter>
    </ClInclude>
    <ClInclude Include="src\util\file_util.hpp">
      <Filter>源文件\util</Filter>
    </ClInclude>
    <ClInclude Include="src\graphic\shader.hpp">
      <Filter>源文件\graphic</Filter>
    </ClInclude>
    <ClInclude Include="src\graphic\window.hpp">
      <Filter>源文件\graphic</Filter>
    </ClInclude>
  </ItemGroup>
  <ItemGroup>
    <None Include="src\shaders\basic.frag">
      <Filter>源文件\shader</Filter>
    </None>
    <None Include="src\shaders\basic.vert">
      <Filter>源文件\shader</Filter>
    </None>
  </ItemGroup>
</Project>